
Microsoft Visual Studio Solution File, Format Version 12.00
# Visual Studio Version 17
VisualStudioVersion = 17.9.34723.18
MinimumVisualStudioVersion = 10.0.40219.1
Project("{FAE04EC0-301F-11D3-BF4B-00C04F79EFBC}") = "ClassLibrary1", "ClassLibrary1.csproj", "{43FBFC85-8B02-4A04-9126-FE4B7830CDB5}"
EndProject
Project("{2150E333-8FDC-42A3-9474-1A3956D46DE8}") = "Heap", "Heap", "{C1EB06B6-89AB-4428-8DC1-C7193042E937}"
EndProject
Project("{FAE04EC0-301F-11D3-BF4B-00C04F79EFBC}") = "ConsoleApp1", "..\ConsoleApp1\ConsoleApp1.csproj", "{9160C426-73AC-484C-A9F9-94045DBAA40D}"
EndProject
Project("{FAE04EC0-301F-11D3-BF4B-00C04F79EFBC}") = "TestProject1", "..\TestProject1\TestProject1.csproj", "{74EB3F67-A084-49E4-80CF-9243B6314D51}"
EndProject
Global
	GlobalSection(SolutionConfigurationPlatforms) = preSolution
		Debug|Any CPU = Debug|Any CPU
		Release|Any CPU = Release|Any CPU
	EndGlobalSection
	GlobalSection(ProjectConfigurationPlatforms) = postSolution
		{43FBFC85-8B02-4A04-9126-FE4B7830CDB5}.Debug|Any CPU.ActiveCfg = Debug|Any CPU
		{43FBFC85-8B02-4A04-9126-FE4B7830CDB5}.Debug|Any CPU.Build.0 = Debug|Any CPU
		{43FBFC85-8B02-4A04-9126-FE4B7830CDB5}.Release|Any CPU.ActiveCfg = Release|Any CPU
		{43FBFC85-8B02-4A04-9126-FE4B7830CDB5}.Release|Any CPU.Build.0 = Release|Any CPU
		{9160C426-73AC-484C-A9F9-94045DBAA40D}.Debug|Any CPU.ActiveCfg = Debug|Any CPU
		{9160C426-73AC-484C-A9F9-94045DBAA40D}.Debug|Any CPU.Build.0 = Debug|Any CPU
		{9160C426-73AC-484C-A9F9-94045DBAA40D}.Release|Any CPU.ActiveCfg = Release|Any CPU
		{9160C426-73AC-484C-A9F9-94045DBAA40D}.Release|Any CPU.Build.0 = Release|Any CPU
		{74EB3F67-A084-49E4-80CF-9243B6314D51}.Debug|Any CPU.ActiveCfg = Debug|Any CPU
		{74EB3F67-A084-49E4-80CF-9243B6314D51}.Debug|Any CPU.Build.0 = Debug|Any CPU
		{74EB3F67-A084-49E4-80CF-9243B6314D51}.Release|Any CPU.ActiveCfg = Release|Any CPU
		{74EB3F67-A084-49E4-80CF-9243B6314D51}.Release|Any CPU.Build.0 = Release|Any CPU
	EndGlobalSection
	GlobalSection(SolutionProperties) = preSolution
		HideSolutionNode = FALSE
	EndGlobalSection
	GlobalSection(NestedProjects) = preSolution
		{43FBFC85-8B02-4A04-9126-FE4B7830CDB5} = {C1EB06B6-89AB-4428-8DC1-C7193042E937}
		{9160C426-73AC-484C-A9F9-94045DBAA40D} = {C1EB06B6-89AB-4428-8DC1-C7193042E937}
		{74EB3F67-A084-49E4-80CF-9243B6314D51} = {C1EB06B6-89AB-4428-8DC1-C7193042E937}
	EndGlobalSection
	GlobalSection(ExtensibilityGlobals) = postSolution
		SolutionGuid = {1526BF88-9D8B-435D-AC30-2B077C6AB607}
	EndGlobalSection
EndGlobal
